
Microsoft Visual Studio Solution File, Format Version 12.00
# Visual Studio Version 17
VisualStudioVersion = 17.0.32126.317
MinimumVisualStudioVersion = 10.0.40219.1
Project("{9A19103F-16F7-4668-BE54-9A1E7A4F7556}") = "ASMLibrary", "ASMLibrary\ASMLibrary.csproj", "{024839DC-EFA9-4701-90C0-F64CF71C835D}"
EndProject
Project("{FAE04EC0-301F-11D3-BF4B-00C04F79EFBC}") = "ASMWPF", "ASMWPF\ASMWPF.csproj", "{B609FF25-3139-4D5B-ACEF-E60BE4920738}"
EndProject
Global
	GlobalSection(SolutionConfigurationPlatforms) = preSolution
		Debug|Any CPU = Debug|Any CPU
		Release|Any CPU = Release|Any CPU
	EndGlobalSection
	GlobalSection(ProjectConfigurationPlatforms) = postSolution
		{024839DC-EFA9-4701-90C0-F64CF71C835D}.Debug|Any CPU.ActiveCfg = Debug|Any CPU
		{024839DC-EFA9-4701-90C0-F64CF71C835D}.Debug|Any CPU.Build.0 = Debug|Any CPU
		{024839DC-EFA9-4701-90C0-F64CF71C835D}.Release|Any CPU.ActiveCfg = Release|Any CPU
		{024839DC-EFA9-4701-90C0-F64CF71C835D}.Release|Any CPU.Build.0 = Release|Any CPU
		{B609FF25-3139-4D5B-ACEF-E60BE4920738}.Debug|Any CPU.ActiveCfg = Debug|Any CPU
		{B609FF25-3139-4D5B-ACEF-E60BE4920738}.Debug|Any CPU.Build.0 = Debug|Any CPU
		{B609FF25-3139-4D5B-ACEF-E60BE4920738}.Release|Any CPU.ActiveCfg = Release|Any CPU
		{B609FF25-3139-4D5B-ACEF-E60BE4920738}.Release|Any CPU.Build.0 = Release|Any CPU
	EndGlobalSection
	GlobalSection(SolutionProperties) = preSolution
		HideSolutionNode = FALSE
	EndGlobalSection
	GlobalSection(ExtensibilityGlobals) = postSolution
		SolutionGuid = {394394F3-873A-490E-92EF-25AA39120E22}
	EndGlobalSection
EndGlobal
